
Microsoft Visual Studio Solution File, Format Version 12.00
# Visual Studio 15
VisualStudioVersion = 15.0.28010.2036
MinimumVisualStudioVersion = 10.0.40219.1
Project("{FAE04EC0-301F-11D3-BF4B-00C04F79EFBC}") = "DataStructures", "DataStructures\DataStructures.csproj", "{13720254-E97A-4D78-A615-123E680D2AFF}"
EndProject
Global
	GlobalSection(SolutionConfigurationPlatforms) = preSolution
		Debug|Any CPU = Debug|Any CPU
		Release|Any CPU = Release|Any CPU
	EndGlobalSection
	GlobalSection(ProjectConfigurationPlatforms) = postSolution
		{13720254-E97A-4D78-A615-123E680D2AFF}.Debug|Any CPU.ActiveCfg = Debug|Any CPU
		{13720254-E97A-4D78-A615-123E680D2AFF}.Debug|Any CPU.Build.0 = Debug|Any CPU
		{13720254-E97A-4D78-A615-123E680D2AFF}.Release|Any CPU.ActiveCfg = Release|Any CPU
		{13720254-E97A-4D78-A615-123E680D2AFF}.Release|Any CPU.Build.0 = Release|Any CPU
	EndGlobalSection
	GlobalSection(SolutionProperties) = preSolution
		HideSolutionNode = FALSE
	EndGlobalSection
	GlobalSection(ExtensibilityGlobals) = postSolution
		SolutionGuid = {43E281DE-8304-4726-8244-059ACE78E99C}
	EndGlobalSection
EndGlobal
